
Microsoft Visual Studio Solution File, Format Version 12.00
# Visual Studio 15
VisualStudioVersion = 15.0.28307.271
MinimumVisualStudioVersion = 10.0.40219.1
Project("{FAE04EC0-301F-11D3-BF4B-00C04F79EFBC}") = "ReadCSV", "ReadCSV\ReadCSV.csproj", "{78A0BEFB-D30F-4585-ABE9-53186A5F3778}"
EndProject
Global
	GlobalSection(SolutionConfigurationPlatforms) = preSolution
		Debug|Any CPU = Debug|Any CPU
		Release|Any CPU = Release|Any CPU
	EndGlobalSection
	GlobalSection(ProjectConfigurationPlatforms) = postSolution
		{78A0BEFB-D30F-4585-ABE9-53186A5F3778}.Debug|Any CPU.ActiveCfg = Debug|Any CPU
		{78A0BEFB-D30F-4585-ABE9-53186A5F3778}.Debug|Any CPU.Build.0 = Debug|Any CPU
		{78A0BEFB-D30F-4585-ABE9-53186A5F3778}.Release|Any CPU.ActiveCfg = Release|Any CPU
		{78A0BEFB-D30F-4585-ABE9-53186A5F3778}.Release|Any CPU.Build.0 = Release|Any CPU
	EndGlobalSection
	GlobalSection(SolutionProperties) = preSolution
		HideSolutionNode = FALSE
	EndGlobalSection
	GlobalSection(ExtensibilityGlobals) = postSolution
		SolutionGuid = {314D0515-8A5D-4603-AE77-D28B5AE14A4E}
	EndGlobalSection
EndGlobal
